
Microsoft Visual Studio Solution File, Format Version 12.00
# Visual Studio Version 16
VisualStudioVersion = 16.0.31129.286
MinimumVisualStudioVersion = 10.0.40219.1
Project("{8BC9CEB8-8B4A-11D0-8D11-00A0C91BC942}") = "lr1", "lr1.vcxproj", "{DE235A1E-80B6-4E14-A673-26E692521487}"
EndProject
Global
	GlobalSection(SolutionConfigurationPlatforms) = preSolution
		Debug|x64 = Debug|x64
		Debug|x86 = Debug|x86
		Release|x64 = Release|x64
		Release|x86 = Release|x86
	EndGlobalSection
	GlobalSection(ProjectConfigurationPlatforms) = postSolution
		{DE235A1E-80B6-4E14-A673-26E692521487}.Debug|x64.ActiveCfg = Debug|x64
		{DE235A1E-80B6-4E14-A673-26E692521487}.Debug|x64.Build.0 = Debug|x64
		{DE235A1E-80B6-4E14-A673-26E692521487}.Debug|x86.ActiveCfg = Debug|Win32
		{DE235A1E-80B6-4E14-A673-26E692521487}.Debug|x86.Build.0 = Debug|Win32
		{DE235A1E-80B6-4E14-A673-26E692521487}.Release|x64.ActiveCfg = Release|x64
		{DE235A1E-80B6-4E14-A673-26E692521487}.Release|x64.Build.0 = Release|x64
		{DE235A1E-80B6-4E14-A673-26E692521487}.Release|x86.ActiveCfg = Release|Win32
		{DE235A1E-80B6-4E14-A673-26E692521487}.Release|x86.Build.0 = Release|Win32
	EndGlobalSection
	GlobalSection(SolutionProperties) = preSolution
		HideSolutionNode = FALSE
	EndGlobalSection
	GlobalSection(ExtensibilityGlobals) = postSolution
		SolutionGuid = {212C8C38-9520-49CE-93EE-FC4696C31B14}
	EndGlobalSection
EndGlobal
