
Microsoft Visual Studio Solution File, Format Version 12.00
# Visual Studio Version 16
VisualStudioVersion = 16.0.31410.357
MinimumVisualStudioVersion = 10.0.40219.1
Project("{8BC9CEB8-8B4A-11D0-8D11-00A0C91BC942}") = "Lab8", "Lab8.vcxproj", "{47B54C25-31F1-4D3C-901D-F76D5E6FB1C4}"
EndProject
Global
	GlobalSection(SolutionConfigurationPlatforms) = preSolution
		Debug|x64 = Debug|x64
		Debug|x86 = Debug|x86
		Release|x64 = Release|x64
		Release|x86 = Release|x86
	EndGlobalSection
	GlobalSection(ProjectConfigurationPlatforms) = postSolution
		{47B54C25-31F1-4D3C-901D-F76D5E6FB1C4}.Debug|x64.ActiveCfg = Debug|x64
		{47B54C25-31F1-4D3C-901D-F76D5E6FB1C4}.Debug|x64.Build.0 = Debug|x64
		{47B54C25-31F1-4D3C-901D-F76D5E6FB1C4}.Debug|x86.ActiveCfg = Debug|Win32
		{47B54C25-31F1-4D3C-901D-F76D5E6FB1C4}.Debug|x86.Build.0 = Debug|Win32
		{47B54C25-31F1-4D3C-901D-F76D5E6FB1C4}.Release|x64.ActiveCfg = Release|x64
		{47B54C25-31F1-4D3C-901D-F76D5E6FB1C4}.Release|x64.Build.0 = Release|x64
		{47B54C25-31F1-4D3C-901D-F76D5E6FB1C4}.Release|x86.ActiveCfg = Release|Win32
		{47B54C25-31F1-4D3C-901D-F76D5E6FB1C4}.Release|x86.Build.0 = Release|Win32
	EndGlobalSection
	GlobalSection(SolutionProperties) = preSolution
		HideSolutionNode = FALSE
	EndGlobalSection
	GlobalSection(ExtensibilityGlobals) = postSolution
		SolutionGuid = {3990DF88-70A6-46F1-950E-3B6ECD0EE9D5}
	EndGlobalSection
EndGlobal
